PODS:
  - Flutter (1.0.0)
  - Stripe (23.12.0):
    - StripeApplePay (= 23.12.0)
    - StripeCore (= 23.12.0)
    - StripePayments (= 23.12.0)
    - StripePaymentsUI (= 23.12.0)
    - StripeUICore (= 23.12.0)
  - stripe_ios (0.0.1):
    - Flutter
    - Stripe (~> 23.12.0)
    - StripeApplePay (~> 23.12.0)
    - StripeFinancialConnections (~> 23.12.0)
    - StripePayments (~> 23.12.0)
    - StripePaymentSheet (~> 23.12.0)
    - StripePaymentsUI (~> 23.12.0)
  - StripeApplePay (23.12.0):
    - StripeCore (= 23.12.0)
  - StripeCore (23.12.0)
  - StripeFinancialConnections (23.12.0):
    - StripeCore (= 23.12.0)
    - StripeUICore (= 23.12.0)
  - StripePayments (23.12.0):
    - StripeCore (= 23.12.0)
    - StripePayments/Stripe3DS2 (= 23.12.0)
  - StripePayments/Stripe3DS2 (23.12.0):
    - StripeCore (= 23.12.0)
  - StripePaymentSheet (23.12.0):
    - StripeApplePay (= 23.12.0)
    - StripeCore (= 23.12.0)
    - StripePayments (= 23.12.0)
    - StripePaymentsUI (= 23.12.0)
  - StripePaymentsUI (23.12.0):
    - StripeCore (= 23.12.0)
    - StripePayments (= 23.12.0)
    - StripeUICore (= 23.12.0)
  - StripeUICore (23.12.0):
    - StripeCore (= 23.12.0)

DEPENDENCIES:
  - Flutter (from `Flutter`)
  - stripe_ios (from `.symlinks/plugins/stripe_ios/ios`)

SPEC REPOS:
  trunk:
    - Stripe
    - StripeApplePay
    - StripeCore
    - StripeFinancialConnections
    - StripePayments
    - StripePaymentSheet
    - StripePaymentsUI
    - StripeUICore

EXTERNAL SOURCES:
  Flutter:
    :path: Flutter
  stripe_ios:
    :path: ".symlinks/plugins/stripe_ios/ios"

SPEC CHECKSUMS:
  Flutter: f04841e97a9d0b0a8025694d0796dd46242b2854
  Stripe: 15fad81ffb8d553d77ff504a6d50d47b9028bed0
  stripe_ios: 872ce75ce051b4070d061a185c8b7b67323c9f30
  StripeApplePay: 871274acfa7a96650ea8a697c288c54b8288fb6e
  StripeCore: 7b08fd286e8f8f5336eb725bc7ed1d2a4705cdc4
  StripeFinancialConnections: 561831507db3d383be3933a3979f1b9d287a15e7
  StripePayments: 081e01e73762852ccf3e662202d5dd4107634058
  StripePaymentSheet: ec04397e9223c86a87be8b348cdbcf2075dd7a16
  StripePaymentsUI: 3dae7fed9b148b2749dff622ece45f9b441b88ce
  StripeUICore: 4a76fa59cab679e1b2fe1ad37d6b08c5bf2ada54

PODFILE CHECKSUM: a57f30d18f102dd3ce366b1d62a55ecbef2158e5

COCOAPODS: 1.12.1
